
Microsoft Visual Studio Solution File, Format Version 12.00
# Visual Studio Version 17
VisualStudioVersion = 17.10.35004.147
MinimumVisualStudioVersion = 10.0.40219.1
Project("{FAE04EC0-301F-11D3-BF4B-00C04F79EFBC}") = "YouTubeUploader", "YouTubeUploader\YouTubeUploader.csproj", "{A5B239BE-DD98-48A0-86E0-C0D83EB900EB}"
EndProject
Global
	GlobalSection(SolutionConfigurationPlatforms) = preSolution
		Debug|Any CPU = Debug|Any CPU
		Release|Any CPU = Release|Any CPU
	EndGlobalSection
	GlobalSection(ProjectConfigurationPlatforms) = postSolution
		{A5B239BE-DD98-48A0-86E0-C0D83EB900EB}.Debug|Any CPU.ActiveCfg = Debug|Any CPU
		{A5B239BE-DD98-48A0-86E0-C0D83EB900EB}.Debug|Any CPU.Build.0 = Debug|Any CPU
		{A5B239BE-DD98-48A0-86E0-C0D83EB900EB}.Release|Any CPU.ActiveCfg = Release|Any CPU
		{A5B239BE-DD98-48A0-86E0-C0D83EB900EB}.Release|Any CPU.Build.0 = Release|Any CPU
	EndGlobalSection
	GlobalSection(SolutionProperties) = preSolution
		HideSolutionNode = FALSE
	EndGlobalSection
	GlobalSection(ExtensibilityGlobals) = postSolution
		SolutionGuid = {2EFF1CED-75F6-460F-9969-1337D2220B7D}
	EndGlobalSection
EndGlobal
